
Microsoft Visual Studio Solution File, Format Version 12.00
# Visual Studio 15
VisualStudioVersion = 15.0.28010.2036
MinimumVisualStudioVersion = 10.0.40219.1
Project("{FAE04EC0-301F-11D3-BF4B-00C04F79EFBC}") = "MemoryCachePlayground", "MemoryCachePlayground\MemoryCachePlayground.csproj", "{AC2042A2-4C1E-44F5-B118-B2DFDA46209F}"
EndProject
Project("{2150E333-8FDC-42A3-9474-1A3956D46DE8}") = "Solution Items", "Solution Items", "{F16EBE40-F3E2-45FB-A224-508D566E3954}"
	ProjectSection(SolutionItems) = preProject
		..\.gitattributes = ..\.gitattributes
		..\.gitignore = ..\.gitignore
		..\LICENSE = ..\LICENSE
		..\README.md = ..\README.md
	EndProjectSection
EndProject
Global
	GlobalSection(SolutionConfigurationPlatforms) = preSolution
		Debug|Any CPU = Debug|Any CPU
		Release|Any CPU = Release|Any CPU
	EndGlobalSection
	GlobalSection(ProjectConfigurationPlatforms) = postSolution
		{AC2042A2-4C1E-44F5-B118-B2DFDA46209F}.Debug|Any CPU.ActiveCfg = Debug|Any CPU
		{AC2042A2-4C1E-44F5-B118-B2DFDA46209F}.Debug|Any CPU.Build.0 = Debug|Any CPU
		{AC2042A2-4C1E-44F5-B118-B2DFDA46209F}.Release|Any CPU.ActiveCfg = Release|Any CPU
		{AC2042A2-4C1E-44F5-B118-B2DFDA46209F}.Release|Any CPU.Build.0 = Release|Any CPU
	EndGlobalSection
	GlobalSection(SolutionProperties) = preSolution
		HideSolutionNode = FALSE
	EndGlobalSection
	GlobalSection(ExtensibilityGlobals) = postSolution
		SolutionGuid = {150C0A91-9FA8-4702-B2E5-34B9282065BE}
	EndGlobalSection
EndGlobal
